char_astronaut
char_chef
char_cleaner
char_fox_baseball_hat
char_fox_black_suit
char_fox_bubble_bath
char_fox_chef
char_fox_chef_hat
char_fox_cool_shades
char_fox_golden_suit
char_fox_graphic_tee
char_fox_oversized_hoodie
char_fox_runner
char_fox_space_suit
char_gardener
char_knight
char_pyjama
furn_armchair_charcoal
furn_armchair_ivory
furn_armchair_sage
furn_armchair_two_tone
furn_armchair_walnut
furn_armchair_wing
furn_bathtub_charcoal
furn_bathtub_sage
furn_bathtub_sand
furn_bathtub_slate
furn_bathtub_slipper
furn_bathtub_two_tone
furn_bear_chair
furn_bed_double_caramel
furn_bed_double_charcoal
furn_bed_double_four_poster
furn_bed_double_ivory
furn_bed_double_race_car
furn_bed_double_sage
furn_bed_double_two_tone
furn_bed_single_caramel
furn_bed_single_charcoal
furn_bed_single_ivory
furn_bed_single_race_car
furn_bed_single_sage
furn_bed_single_two_tone
furn_bench_caramel
furn_bench_charcoal
furn_bench_ivory
furn_bench_sage
furn_bench_two_tone
furn_bookshelf_caramel
furn_bookshelf_charcoal
furn_bookshelf_ivory
furn_bookshelf_library
furn_bookshelf_sage
furn_bookshelf_two_tone
furn_bunk_bed
furn_bunk_charcoal
furn_bunk_pine
furn_bunk_princess
furn_bunk_race_car
furn_bunk_sage
furn_bunk_walnut
furn_cabinet_caramel
furn_cabinet_charcoal
furn_cabinet_ivory
furn_cabinet_sage
furn_cabinet_two_tone
furn_coffee_table_caramel
furn_coffee_table_charcoal
furn_coffee_table_ivory
furn_coffee_table_sage
furn_counter_caramel
furn_counter_charcoal
furn_counter_ivory
furn_counter_open_shelf
furn_counter_sage
furn_counter_two_tone
furn_cozy_sofa
furn_desk_caramel
furn_desk_charcoal
furn_desk_ivory
furn_desk_sage
furn_desk_two_tone
furn_dining_chair_caramel
furn_dining_chair_charcoal
furn_dining_chair_ivory
furn_dining_chair_sage
furn_dining_table_caramel
furn_dining_table_charcoal
furn_dining_table_ivory
furn_dining_table_sage
furn_dining_table_trestle
furn_dining_table_two_tone
furn_dresser_caramel
furn_dresser_charcoal
furn_dresser_ivory
furn_dresser_sage
furn_dresser_two_tone
furn_dryer_butter
furn_dryer_mint
furn_dryer_slate
furn_dryer_terracotta
furn_dryer_two_tone
furn_fridge_butter
furn_fridge_charcoal
furn_fridge_mint
furn_fridge_retro
furn_fridge_terracotta
furn_fridge_two_tone
furn_lamp_charcoal
furn_lamp_ivory
furn_lamp_lantern
furn_lamp_sage
furn_lamp_two_tone
furn_lamp_walnut
furn_microwave_butter
furn_microwave_mint
furn_microwave_slate
furn_microwave_terracotta
furn_microwave_two_tone
furn_neon_lamp
furn_nightstand_caramel
furn_nightstand_charcoal
furn_nightstand_ivory
furn_nightstand_sage
furn_nightstand_two_tone
furn_office_chair_caramel
furn_office_chair_charcoal
furn_office_chair_ivory
furn_office_chair_sage
furn_office_chair_two_tone
furn_retro_tv
furn_shower_charcoal
furn_shower_glass
furn_shower_sage
furn_shower_sand
furn_shower_slate
furn_shower_two_tone
furn_side_table_caramel
furn_side_table_charcoal
furn_side_table_ivory
furn_side_table_sage
furn_side_table_two_tone
furn_sink_caramel
furn_sink_charcoal
furn_sink_farmhouse
furn_sink_sage
furn_sink_stone
furn_sink_two_tone
furn_sofa_brown
furn_sofa_charcoal
furn_sofa_cream
furn_sofa_ivory
furn_sofa_modern
furn_sofa_sage
furn_sofa_two_tone
furn_stool_caramel
furn_stool_charcoal
furn_stool_ivory
furn_stool_sage
furn_stool_two_tone
furn_stove_hood_caramel
furn_stove_hood_charcoal
furn_stove_hood_ivory
furn_stove_hood_range
furn_stove_hood_sage
furn_stove_hood_two_tone
furn_tv_stand_butter
furn_tv_stand_charcoal
furn_tv_stand_console
furn_tv_stand_mint
furn_tv_stand_two_tone
furn_tv_stand_walnut
furn_wardrobe_caramel
furn_wardrobe_charcoal
furn_wardrobe_ivory
furn_wardrobe_sage
furn_wardrobe_two_tone
furn_washer_butter
furn_washer_mint
furn_washer_slate
furn_washer_terracotta
furn_washer_two_tone
style_ext_clean_lawn
style_ext_flower_bed
style_ext_garden_path
style_ext_lawn_default
style_ext_orchard_rows
style_ext_rock_garden
style_ext_wildflower
style_roof_straw
style_roof_tile
style_roof_tile_gold
style_wall_stone
style_wall_whitewash
